// !$*UTF8*$!
{
	archiveVersion = 1;
	classes = {
	};
	objectVersion = 56;
	objects = {

/* Begin PBXBuildFile section */
		7029525C28F2956500F58A6A /* AppDelegate.swift in Sources */ = {isa = PBXBuildFile; fileRef = 7029525B28F2956500F58A6A /* AppDelegate.swift */; };
		7029525E28F2956500F58A6A /* SceneDelegate.swift in Sources */ = {isa = PBXBuildFile; fileRef = 7029525D28F2956500F58A6A /* SceneDelegate.swift */; };
		7029526028F2956500F58A6A /* QuoteViewController.swift in Sources */ = {isa = PBXBuildFile; fileRef = 7029525F28F2956500F58A6A /* QuoteViewController.swift */; };
		7029526528F2956800F58A6A /* Assets.xcassets in Resources */ = {isa = PBXBuildFile; fileRef = 7029526428F2956800F58A6A /* Assets.xcassets */; };
		7029526828F2956800F58A6A /* LaunchScreen.storyboard in Resources */ = {isa = PBXBuildFile; fileRef = 7029526628F2956800F58A6A /* LaunchScreen.storyboard */; };
		7029527428F2969C00F58A6A /* QuoteModel.swift in Sources */ = {isa = PBXBuildFile; fileRef = 7029527328F2969C00F58A6A /* QuoteModel.swift */; };
		7029527628F296C100F58A6A /* QuoteViewModel.swift in Sources */ = {isa = PBXBuildFile; fileRef = 7029527528F296C100F58A6A /* QuoteViewModel.swift */; };
		7029527928F298BC00F58A6A /* NetworkManager.swift in Sources */ = {isa = PBXBuildFile; fileRef = 7029527828F298BC00F58A6A /* NetworkManager.swift */; };
/* End PBXBuildFile section */

/* Begin PBXFileReference section */
		7029525828F2956500F58A6A /* Quotable.app */ = {isa = PBXFileReference; explicitFileType = wrapper.application; includeInIndex = 0; path = Quotable.app; sourceTree = BUILT_PRODUCTS_DIR; };
		7029525B28F2956500F58A6A /* AppDelegate.swift */ = {isa = PBXFileReference; lastKnownFileType = sourcecode.swift; path = AppDelegate.swift; sourceTree = "<group>"; };
		7029525D28F2956500F58A6A /* SceneDelegate.swift */ = {isa = PBXFileReference; lastKnownFileType = sourcecode.swift; path = SceneDelegate.swift; sourceTree = "<group>"; };
		7029525F28F2956500F58A6A /* QuoteViewController.swift */ = {isa = PBXFileReference; lastKnownFileType = sourcecode.swift; path = QuoteViewController.swift; sourceTree = "<group>"; };
		7029526428F2956800F58A6A /* Assets.xcassets */ = {isa = PBXFileReference; lastKnownFileType = folder.assetcatalog; path = Assets.xcassets; sourceTree = "<group>"; };
		7029526728F2956800F58A6A /* Base */ = {isa = PBXFileReference; lastKnownFileType = file.storyboard; name = Base; path = Base.lproj/LaunchScreen.storyboard; sourceTree = "<group>"; };
		7029526928F2956800F58A6A /* Info.plist */ = {isa = PBXFileReference; lastKnownFileType = text.plist.xml; path = Info.plist; sourceTree = "<group>"; };
		7029527328F2969C00F58A6A /* QuoteModel.swift */ = {isa = PBXFileReference; lastKnownFileType = sourcecode.swift; path = QuoteModel.swift; sourceTree = "<group>"; };
		7029527528F296C100F58A6A /* QuoteViewModel.swift */ = {isa = PBXFileReference; lastKnownFileType = sourcecode.swift; path = QuoteViewModel.swift; sourceTree = "<group>"; };
		7029527828F298BC00F58A6A /* NetworkManager.swift */ = {isa = PBXFileReference; lastKnownFileType = sourcecode.swift; path = NetworkManager.swift; sourceTree = "<group>"; };
/* End PBXFileReference section */

/* Begin PBXFrameworksBuildPhase section */
		7029525528F2956500F58A6A /* Frameworks */ = {
			isa = PBXFrameworksBuildPhase;
			buildActionMask = 2147483647;
			files = (
			);
			runOnlyForDeploymentPostprocessing = 0;
		};
/* End PBXFrameworksBuildPhase section */

/* Begin PBXGroup section */
		7029524F28F2956500F58A6A = {
			isa = PBXGroup;
			children = (
				7029525A28F2956500F58A6A /* Quotable */,
				7029525928F2956500F58A6A /* Products */,
			);
			sourceTree = "<group>";
		};
		7029525928F2956500F58A6A /* Products */ = {
			isa = PBXGroup;
			children = (
				7029525828F2956500F58A6A /* Quotable.app */,
			);
			name = Products;
			sourceTree = "<group>";
		};
		7029525A28F2956500F58A6A /* Quotable */ = {
			isa = PBXGroup;
			children = (
				7029527128F2968500F58A6A /* Models */,
				7029526F28F2966500F58A6A /* Views */,
				7029527228F2968A00F58A6A /* ViewModels */,
				7029527728F2989A00F58A6A /* Services */,
				7029527028F2967100F58A6A /* Resources */,
			);
			path = Quotable;
			sourceTree = "<group>";
		};
		7029526F28F2966500F58A6A /* Views */ = {
			isa = PBXGroup;
			children = (
				7029525F28F2956500F58A6A /* QuoteViewController.swift */,
			);
			path = Views;
			sourceTree = "<group>";
		};
		7029527028F2967100F58A6A /* Resources */ = {
			isa = PBXGroup;
			children = (
				7029525B28F2956500F58A6A /* AppDelegate.swift */,
				7029525D28F2956500F58A6A /* SceneDelegate.swift */,
				7029526428F2956800F58A6A /* Assets.xcassets */,
				7029526628F2956800F58A6A /* LaunchScreen.storyboard */,
				7029526928F2956800F58A6A /* Info.plist */,
			);
			path = Resources;
			sourceTree = "<group>";
		};
		7029527128F2968500F58A6A /* Models */ = {
			isa = PBXGroup;
			children = (
				7029527328F2969C00F58A6A /* QuoteModel.swift */,
			);
			path = Models;
			sourceTree = "<group>";
		};
		7029527228F2968A00F58A6A /* ViewModels */ = {
			isa = PBXGroup;
			children = (
				7029527528F296C100F58A6A /* QuoteViewModel.swift */,
			);
			path = ViewModels;
			sourceTree = "<group>";
		};
		7029527728F2989A00F58A6A /* Services */ = {
			isa = PBXGroup;
			children = (
				7029527828F298BC00F58A6A /* NetworkManager.swift */,
			);
			path = Services;
			sourceTree = "<group>";
		};
/* End PBXGroup section */

/* Begin PBXNativeTarget section */
		7029525728F2956500F58A6A /* Quotable */ = {
			isa = PBXNativeTarget;
			buildConfigurationList = 7029526C28F2956800F58A6A /* Build configuration list for PBXNativeTarget "Quotable" */;
			buildPhases = (
				7029525428F2956500F58A6A /* Sources */,
				7029525528F2956500F58A6A /* Frameworks */,
				7029525628F2956500F58A6A /* Resources */,
			);
			buildRules = (
			);
			dependencies = (
			);
			name = Quotable;
			productName = Quotable;
			productReference = 7029525828F2956500F58A6A /* Quotable.app */;
			productType = "com.apple.product-type.application";
		};
/* End PBXNativeTarget section */

/* Begin PBXProject section */
		7029525028F2956500F58A6A /* Project object */ = {
			isa = PBXProject;
			attributes = {
				BuildIndependentTargetsInParallel = 1;
				LastSwiftUpdateCheck = 1400;
				LastUpgradeCheck = 1400;
				TargetAttributes = {
					7029525728F2956500F58A6A = {
						CreatedOnToolsVersion = 14.0;
					};
				};
			};
			buildConfigurationList = 7029525328F2956500F58A6A /* Build configuration list for PBXProject "Quotable" */;
			compatibilityVersion = "Xcode 14.0";
			developmentRegion = en;
			hasScannedForEncodings = 0;
			knownRegions = (
				en,
				Base,
			);
			mainGroup = 7029524F28F2956500F58A6A;
			productRefGroup = 7029525928F2956500F58A6A /* Products */;
			projectDirPath = "";
			projectRoot = "";
			targets = (
				7029525728F2956500F58A6A /* Quotable */,
			);
		};
/* End PBXProject section */

/* Begin PBXResourcesBuildPhase section */
		7029525628F2956500F58A6A /* Resources */ = {
			isa = PBXResourcesBuildPhase;
			buildActionMask = 2147483647;
			files = (
				7029526828F2956800F58A6A /* LaunchScreen.storyboard in Resources */,
				7029526528F2956800F58A6A /* Assets.xcassets in Resources */,
			);
			runOnlyForDeploymentPostprocessing = 0;
		};
/* End PBXResourcesBuildPhase section */

/* Begin PBXSourcesBuildPhase section */
		7029525428F2956500F58A6A /* Sources */ = {
			isa = PBXSourcesBuildPhase;
			buildActionMask = 2147483647;
			files = (
				7029527928F298BC00F58A6A /* NetworkManager.swift in Sources */,
				7029526028F2956500F58A6A /* QuoteViewController.swift in Sources */,
				7029527628F296C100F58A6A /* QuoteViewModel.swift in Sources */,
				7029525C28F2956500F58A6A /* AppDelegate.swift in Sources */,
				7029527428F2969C00F58A6A /* QuoteModel.swift in Sources */,
				7029525E28F2956500F58A6A /* SceneDelegate.swift in Sources */,
			);
			runOnlyForDeploymentPostprocessing = 0;
		};
/* End PBXSourcesBuildPhase section */

/* Begin PBXVariantGroup section */
		7029526628F2956800F58A6A /* LaunchScreen.storyboard */ = {
			isa = PBXVariantGroup;
			children = (
				7029526728F2956800F58A6A /* Base */,
			);
			name = LaunchScreen.storyboard;
			sourceTree = "<group>";
		};
/* End PBXVariantGroup section */

/* Begin XCBuildConfiguration section */
		7029526A28F2956800F58A6A /* Debug */ = {
			isa = XCBuildConfiguration;
			buildSettings = {
				ALWAYS_SEARCH_USER_PATHS = NO;
				CLANG_ANALYZER_NONNULL = YES;
				CLANG_ANALYZER_NUMBER_OBJECT_CONVERSION = YES_AGGRESSIVE;
				CLANG_CXX_LANGUAGE_STANDARD = "gnu++20";
				CLANG_ENABLE_MODULES = YES;
				CLANG_ENABLE_OBJC_ARC = YES;
				CLANG_ENABLE_OBJC_WEAK = YES;
				CLANG_WARN_BLOCK_CAPTURE_AUTORELEASING = YES;
				CLANG_WARN_BOOL_CONVERSION = YES;
				CLANG_WARN_COMMA = YES;
				CLANG_WARN_CONSTANT_CONVERSION = YES;
				CLANG_WARN_DEPRECATED_OBJC_IMPLEMENTATIONS = YES;
				CLANG_WARN_DIRECT_OBJC_ISA_USAGE = YES_ERROR;
				CLANG_WARN_DOCUMENTATION_COMMENTS = YES;
				CLANG_WARN_EMPTY_BODY = YES;
				CLANG_WARN_ENUM_CONVERSION = YES;
				CLANG_WARN_INFINITE_RECURSION = YES;
				CLANG_WARN_INT_CONVERSION = YES;
				CLANG_WARN_NON_LITERAL_NULL_CONVERSION = YES;
				CLANG_WARN_OBJC_IMPLICIT_RETAIN_SELF = YES;
				CLANG_WARN_OBJC_LITERAL_CONVERSION = YES;
				CLANG_WARN_OBJC_ROOT_CLASS = YES_ERROR;
				CLANG_WARN_QUOTED_INCLUDE_IN_FRAMEWORK_HEADER = YES;
				CLANG_WARN_RANGE_LOOP_ANALYSIS = YES;
				CLANG_WARN_STRICT_PROTOTYPES = YES;
				CLANG_WARN_SUSPICIOUS_MOVE = YES;
				CLANG_WARN_UNGUARDED_AVAILABILITY = YES_AGGRESSIVE;
				CLANG_WARN_UNREACHABLE_CODE = YES;
				CLANG_WARN__DUPLICATE_METHOD_MATCH = YES;
				COPY_PHASE_STRIP = NO;
				DEBUG_INFORMATION_FORMAT = dwarf;
				ENABLE_STRICT_OBJC_MSGSEND = YES;
				ENABLE_TESTABILITY = YES;
				GCC_C_LANGUAGE_STANDARD = gnu11;
				GCC_DYNAMIC_NO_PIC = NO;
				GCC_NO_COMMON_BLOCKS = YES;
				GCC_OPTIMIZATION_LEVEL = 0;
				GCC_PREPROCESSOR_DEFINITIONS = (
					"DEBUG=1",
					"$(inherited)",
				);
				GCC_WARN_64_TO_32_BIT_CONVERSION = YES;
				GCC_WARN_ABOUT_RETURN_TYPE = YES_ERROR;
				GCC_WARN_UNDECLARED_SELECTOR = YES;
				GCC_WARN_UNINITIALIZED_AUTOS = YES_AGGRESSIVE;
				GCC_WARN_UNUSED_FUNCTION = YES;
				GCC_WARN_UNUSED_VARIABLE = YES;
				IPHONEOS_DEPLOYMENT_TARGET = 16.0;
				MTL_ENABLE_DEBUG_INFO = INCLUDE_SOURCE;
				MTL_FAST_MATH = YES;
				ONLY_ACTIVE_ARCH = YES;
				SDKROOT = iphoneos;
				SWIFT_ACTIVE_COMPILATION_CONDITIONS = DEBUG;
				SWIFT_OPTIMIZATION_LEVEL = "-Onone";
			};
			name = Debug;
		};
		7029526B28F2956800F58A6A /* Release */ = {
			isa = XCBuildConfiguration;
			buildSettings = {
				ALWAYS_SEARCH_USER_PATHS = NO;
				CLANG_ANALYZER_NONNULL = YES;
				CLANG_ANALYZER_NUMBER_OBJECT_CONVERSION = YES_AGGRESSIVE;
				CLANG_CXX_LANGUAGE_STANDARD = "gnu++20";
				CLANG_ENABLE_MODULES = YES;
				CLANG_ENABLE_OBJC_ARC = YES;
				CLANG_ENABLE_OBJC_WEAK = YES;
				CLANG_WARN_BLOCK_CAPTURE_AUTORELEASING = YES;
				CLANG_WARN_BOOL_CONVERSION = YES;
				CLANG_WARN_COMMA = YES;
				CLANG_WARN_CONSTANT_CONVERSION = YES;
				CLANG_WARN_DEPRECATED_OBJC_IMPLEMENTATIONS = YES;
				CLANG_WARN_DIRECT_OBJC_ISA_USAGE = YES_ERROR;
				CLANG_WARN_DOCUMENTATION_COMMENTS = YES;
				CLANG_WARN_EMPTY_BODY = YES;
				CLANG_WARN_ENUM_CONVERSION = YES;
				CLANG_WARN_INFINITE_RECURSION = YES;
				CLANG_WARN_INT_CONVERSION = YES;
				CLANG_WARN_NON_LITERAL_NULL_CONVERSION = YES;
				CLANG_WARN_OBJC_IMPLICIT_RETAIN_SELF = YES;
				CLANG_WARN_OBJC_LITERAL_CONVERSION = YES;
				CLANG_WARN_OBJC_ROOT_CLASS = YES_ERROR;
				CLANG_WARN_QUOTED_INCLUDE_IN_FRAMEWORK_HEADER = YES;
				CLANG_WARN_RANGE_LOOP_ANALYSIS = YES;
				CLANG_WARN_STRICT_PROTOTYPES = YES;
				CLANG_WARN_SUSPICIOUS_MOVE = YES;
				CLANG_WARN_UNGUARDED_AVAILABILITY = YES_AGGRESSIVE;
				CLANG_WARN_UNREACHABLE_CODE = YES;
				CLANG_WARN__DUPLICATE_METHOD_MATCH = YES;
				COPY_PHASE_STRIP = NO;
				DEBUG_INFORMATION_FORMAT = "dwarf-with-dsym";
				ENABLE_NS_ASSERTIONS = NO;
				ENABLE_STRICT_OBJC_MSGSEND = YES;
				GCC_C_LANGUAGE_STANDARD = gnu11;
				GCC_NO_COMMON_BLOCKS = YES;
				GCC_WARN_64_TO_32_BIT_CONVERSION = YES;
				GCC_WARN_ABOUT_RETURN_TYPE = YES_ERROR;
				GCC_WARN_UNDECLARED_SELECTOR = YES;
				GCC_WARN_UNINITIALIZED_AUTOS = YES_AGGRESSIVE;
				GCC_WARN_UNUSED_FUNCTION = YES;
				GCC_WARN_UNUSED_VARIABLE = YES;
				IPHONEOS_DEPLOYMENT_TARGET = 16.0;
				MTL_ENABLE_DEBUG_INFO = NO;
				MTL_FAST_MATH = YES;
				SDKROOT = iphoneos;
				SWIFT_COMPILATION_MODE = wholemodule;
				SWIFT_OPTIMIZATION_LEVEL = "-O";
				VALIDATE_PRODUCT = YES;
			};
			name = Release;
		};
		7029526D28F2956800F58A6A /* Debug */ = {
			isa = XCBuildConfiguration;
			buildSettings = {
				ASSETCATALOG_COMPILER_APPICON_NAME = AppIcon;
				ASSETCATALOG_COMPILER_GLOBAL_ACCENT_COLOR_NAME = AccentColor;
				CODE_SIGN_STYLE = Automatic;
				CURRENT_PROJECT_VERSION = 1;
				DEVELOPMENT_TEAM = TD3SDKVQ68;
				GENERATE_INFOPLIST_FILE = YES;
				INFOPLIST_FILE = Quotable/Resources/Info.plist;
				INFOPLIST_KEY_LSApplicationCategoryType = "";
				INFOPLIST_KEY_UIApplicationSupportsIndirectInputEvents = YES;
				INFOPLIST_KEY_UILaunchStoryboardName = LaunchScreen;
				INFOPLIST_KEY_UISupportedInterfaceOrientations = "UIInterfaceOrientationLandscapeLeft UIInterfaceOrientationLandscapeRight UIInterfaceOrientationPortrait";
				INFOPLIST_KEY_UISupportedInterfaceOrientations_iPad = "UIInterfaceOrientationLandscapeLeft UIInterfaceOrientationLandscapeRight UIInterfaceOrientationPortrait UIInterfaceOrientationPortraitUpsideDown";
				LD_RUNPATH_SEARCH_PATHS = (
					"$(inherited)",
					"@executable_path/Frameworks",
				);
				MARKETING_VERSION = 1.0;
				PRODUCT_BUNDLE_IDENTIFIER = com.playerOne.Quotable;
				PRODUCT_NAME = "$(TARGET_NAME)";
				SWIFT_EMIT_LOC_STRINGS = YES;
				SWIFT_VERSION = 5.0;
				TARGETED_DEVICE_FAMILY = "1,2";
			};
			name = Debug;
		};
		7029526E28F2956800F58A6A /* Release */ = {
			isa = XCBuildConfiguration;
			buildSettings = {
				ASSETCATALOG_COMPILER_APPICON_NAME = AppIcon;
				ASSETCATALOG_COMPILER_GLOBAL_ACCENT_COLOR_NAME = AccentColor;
				CODE_SIGN_STYLE = Automatic;
				CURRENT_PROJECT_VERSION = 1;
				DEVELOPMENT_TEAM = TD3SDKVQ68;
				GENERATE_INFOPLIST_FILE = YES;
				INFOPLIST_FILE = Quotable/Resources/Info.plist;
				INFOPLIST_KEY_LSApplicationCategoryType = "";
				INFOPLIST_KEY_UIApplicationSupportsIndirectInputEvents = YES;
				INFOPLIST_KEY_UILaunchStoryboardName = LaunchScreen;
				INFOPLIST_KEY_UISupportedInterfaceOrientations = "UIInterfaceOrientationLandscapeLeft UIInterfaceOrientationLandscapeRight UIInterfaceOrientationPortrait";
				INFOPLIST_KEY_UISupportedInterfaceOrientations_iPad = "UIInterfaceOrientationLandscapeLeft UIInterfaceOrientationLandscapeRight UIInterfaceOrientationPortrait UIInterfaceOrientationPortraitUpsideDown";
				LD_RUNPATH_SEARCH_PATHS = (
					"$(inherited)",
					"@executable_path/Frameworks",
				);
				MARKETING_VERSION = 1.0;
				PRODUCT_BUNDLE_IDENTIFIER = com.playerOne.Quotable;
				PRODUCT_NAME = "$(TARGET_NAME)";
				SWIFT_EMIT_LOC_STRINGS = YES;
				SWIFT_VERSION = 5.0;
				TARGETED_DEVICE_FAMILY = "1,2";
			};
			name = Release;
		};
/* End XCBuildConfiguration section */

/* Begin XCConfigurationList section */
		7029525328F2956500F58A6A /* Build configuration list for PBXProject "Quotable" */ = {
			isa = XCConfigurationList;
			buildConfigurations = (
				7029526A28F2956800F58A6A /* Debug */,
				7029526B28F2956800F58A6A /* Release */,
			);
			defaultConfigurationIsVisible = 0;
			defaultConfigurationName = Release;
		};
		7029526C28F2956800F58A6A /* Build configuration list for PBXNativeTarget "Quotable" */ = {
			isa = XCConfigurationList;
			buildConfigurations = (
				7029526D28F2956800F58A6A /* Debug */,
				7029526E28F2956800F58A6A /* Release */,
			);
			defaultConfigurationIsVisible = 0;
			defaultConfigurationName = Release;
		};
/* End XCConfigurationList section */
	};
	rootObject = 7029525028F2956500F58A6A /* Project object */;
}
